github.com/PuerkitoBio/goquery v1.5.1 h1:PSPBGne8NIUWw+/7vFBV+kG2J/5MOjbzc7154OaKCSE=
github.com/andybalholm/cascadia v1.2.0 h1:vuRCkM5Ozh/BfmsaTm26kbjm0mIOM3yS5Ek/F5h18aE=
github.com/antchfx/htmlquery v1.2.3 h1:sP3NFDneHx2stfNXCKbhHFo8XgNjCACnU/4AO5gWz6M=
github.com/antchfx/xmlquery v1.2.4 h1:T/SH1bYdzdjTMoz2RgsfVKbM5uWh3gjDYYepFqQmFv4=
github.com/antchfx/xpath v1.1.8 h1:PcL6bIX42Px5usSx6xRYw/wjB3wYGkj0MJ9MBzEKVgk=
github.com/go-numb/go-bouyomichan v0.0.0-20230124043728-ac5ca4e31978 h1:s7ip3chC0615ONHnKK2QpJZ0uJEcH8eEUaV+8FK5GyA=
github.com/go-numb/go-bouyomichan v0.0.0-20230124043728-ac5ca4e31978/go.mod h1:8YDc3JNtf6+7qg77WrtXdpBC9y/u/b92DoDC7bJE3rE=
github.com/gobwas/glob v0.2.3 h1:A4xDbljILXROh+kObIiy5kIaPYD8e96x1tgBhUI5J+Y=
github.com/gocolly/colly/v2 v2.1.0 h1:k0DuZkDoCsx51bKpRJNEmcxcp+W5N8ziuwGaSDuFoGs=
github.com/golang/groupcache v0.0.0-20200121045136-8c9f03a8e57e h1:1r7pUrabqp18hOBcwBwiTsbnFeTZHV9eER/QT5JVZxY=
github.com/golang/protobuf v1.4.2 h1:+Z5KGCizgyZCbGh1KZqA0fcLLkwbsjIzS4aV2v7wJX0=
github.com/google/go-cmp v0.5.9 h1:O2Tfq5qg4qc4AmwVlvv0oLiVAGB7enBSJ2x2DqQFi38=
github.com/google/go-cmp v0.5.9/go.mod h1:17dUlkBOakJ0+DkrSSNjCkIjxS6bF9zb3elmeNGIjoY=
github.com/kennygrant/sanitize v1.2.4 h1:gN25/otpP5vAsO2djbMhF/LQX6R7+O1TB4yv8NzpJ3o=
github.com/saintfish/chardet v0.0.0-20120816061221-3af4cd4741ca h1:NugYot0LIVPxTvN8n+Kvkn6TrbMyxQiuvKdEwFdR9vI=
github.com/temoto/robotstxt v1.1.1 h1:Gh8RCs8ouX3hRSxxK7B1mO5RFByQ4CmJZDwgom++JaA=
github.com/wargarblgarbl/libgosubs v0.0.0-20181204015125-f890984adfc8 h1:xDiJ4NUezch4g1DgjPW5zyYsKkeYlQ/64AlzZx7XZFU=
github.com/wargarblgarbl/libgosubs v0.0.0-20181204015125-f890984adfc8/go.mod h1:xc6JV9EzdDHoVx7AdbgsOh1hNyMrzlN9ya80VhxAnn8=
golang.org/x/net v0.0.0-20200602114024-627f9648deb9 h1:pNX+40auqi2JqRfOP1akLGtYcn15TUbkhwuCO3foqqM=
golang.org/x/text v0.3.2 h1:tW2bmiBqwgJj/UpqtC8EpXEZVYOwU0yG4iWbprSVAcs=
google.golang.org/appengine v1.6.6 h1:lMO5rYAqUxkmaj76jAkRUvt5JZgFymx/+Q5Mzfivuhc=
google.golang.org/protobuf v1.24.0 h1:UhZDfRO8JRQru4/+LlLE0BRKGF8L+PICnvYZmx/fEGA=
